// !$*UTF8*$!
{
	archiveVersion = 1;
	classes = {
	};
	objectVersion = 55;
	objects = {

/* Begin PBXBuildFile section */
		DC17D2F6282EBB2E0007ED2E /* ScreenshotWatcherApp.swift in Sources */ = {isa = PBXBuildFile; fileRef = DC17D2F5282EBB2E0007ED2E /* ScreenshotWatcherApp.swift */; };
		DC17D2F8282EBB2E0007ED2E /* ContentView.swift in Sources */ = {isa = PBXBuildFile; fileRef = DC17D2F7282EBB2E0007ED2E /* ContentView.swift */; };
		DC17D2FA282EBB2F0007ED2E /* Assets.xcassets in Resources */ = {isa = PBXBuildFile; fileRef = DC17D2F9282EBB2F0007ED2E /* Assets.xcassets */; };
		DC17D2FD282EBB2F0007ED2E /* Preview Assets.xcassets in Resources */ = {isa = PBXBuildFile; fileRef = DC17D2FC282EBB2F0007ED2E /* Preview Assets.xcassets */; };
		DC17D307282EBB2F0007ED2E /* ScreenshotWatcherTests.swift in Sources */ = {isa = PBXBuildFile; fileRef = DC17D306282EBB2F0007ED2E /* ScreenshotWatcherTests.swift */; };
/* End PBXBuildFile section */

/* Begin PBXContainerItemProxy section */
		DC17D303282EBB2F0007ED2E /* PBXContainerItemProxy */ = {
			isa = PBXContainerItemProxy;
			containerPortal = DC17D2EA282EBB2E0007ED2E /* Project object */;
			proxyType = 1;
			remoteGlobalIDString = DC17D2F1282EBB2E0007ED2E;
			remoteInfo = ScreenshotWatcher;
		};
/* End PBXContainerItemProxy section */

/* Begin PBXFileReference section */
		DC17D2F2282EBB2E0007ED2E /* ScreenshotWatcher.app */ = {isa = PBXFileReference; explicitFileType = wrapper.application; includeInIndex = 0; path = ScreenshotWatcher.app; sourceTree = BUILT_PRODUCTS_DIR; };
		DC17D2F5282EBB2E0007ED2E /* ScreenshotWatcherApp.swift */ = {isa = PBXFileReference; lastKnownFileType = sourcecode.swift; path = ScreenshotWatcherApp.swift; sourceTree = "<group>"; };
		DC17D2F7282EBB2E0007ED2E /* ContentView.swift */ = {isa = PBXFileReference; lastKnownFileType = sourcecode.swift; path = ContentView.swift; sourceTree = "<group>"; };
		DC17D2F9282EBB2F0007ED2E /* Assets.xcassets */ = {isa = PBXFileReference; lastKnownFileType = folder.assetcatalog; path = Assets.xcassets; sourceTree = "<group>"; };
		DC17D2FC282EBB2F0007ED2E /* Preview Assets.xcassets */ = {isa = PBXFileReference; lastKnownFileType = folder.assetcatalog; path = "Preview Assets.xcassets"; sourceTree = "<group>"; };
		DC17D302282EBB2F0007ED2E /* ScreenshotWatcherTests.xctest */ = {isa = PBXFileReference; explicitFileType = wrapper.cfbundle; includeInIndex = 0; path = ScreenshotWatcherTests.xctest; sourceTree = BUILT_PRODUCTS_DIR; };
		DC17D306282EBB2F0007ED2E /* ScreenshotWatcherTests.swift */ = {isa = PBXFileReference; lastKnownFileType = sourcecode.swift; path = ScreenshotWatcherTests.swift; sourceTree = "<group>"; };
/* End PBXFileReference section */

/* Begin PBXFrameworksBuildPhase section */
		DC17D2EF282EBB2E0007ED2E /* Frameworks */ = {
			isa = PBXFrameworksBuildPhase;
			buildActionMask = 2147483647;
			files = (
			);
			runOnlyForDeploymentPostprocessing = 0;
		};
		DC17D2FF282EBB2F0007ED2E /* Frameworks */ = {
			isa = PBXFrameworksBuildPhase;
			buildActionMask = 2147483647;
			files = (
			);
			runOnlyForDeploymentPostprocessing = 0;
		};
/* End PBXFrameworksBuildPhase section */

/* Begin PBXGroup section */
		DC17D2E9282EBB2E0007ED2E = {
			isa = PBXGroup;
			children = (
				DC17D2F4282EBB2E0007ED2E /* ScreenshotWatcher */,
				DC17D305282EBB2F0007ED2E /* ScreenshotWatcherTests */,
				DC17D2F3282EBB2E0007ED2E /* Products */,
			);
			sourceTree = "<group>";
		};
		DC17D2F3282EBB2E0007ED2E /* Products */ = {
			isa = PBXGroup;
			children = (
				DC17D2F2282EBB2E0007ED2E /* ScreenshotWatcher.app */,
				DC17D302282EBB2F0007ED2E /* ScreenshotWatcherTests.xctest */,
			);
			name = Products;
			sourceTree = "<group>";
		};
		DC17D2F4282EBB2E0007ED2E /* ScreenshotWatcher */ = {
			isa = PBXGroup;
			children = (
				DC17D2F5282EBB2E0007ED2E /* ScreenshotWatcherApp.swift */,
				DC17D2F7282EBB2E0007ED2E /* ContentView.swift */,
				DC17D2F9282EBB2F0007ED2E /* Assets.xcassets */,
				DC17D2FB282EBB2F0007ED2E /* Preview Content */,
			);
			path = ScreenshotWatcher;
			sourceTree = "<group>";
		};
		DC17D2FB282EBB2F0007ED2E /* Preview Content */ = {
			isa = PBXGroup;
			children = (
				DC17D2FC282EBB2F0007ED2E /* Preview Assets.xcassets */,
			);
			path = "Preview Content";
			sourceTree = "<group>";
		};
		DC17D305282EBB2F0007ED2E /* ScreenshotWatcherTests */ = {
			isa = PBXGroup;
			children = (
				DC17D306282EBB2F0007ED2E /* ScreenshotWatcherTests.swift */,
			);
			path = ScreenshotWatcherTests;
			sourceTree = "<group>";
		};
/* End PBXGroup section */

/* Begin PBXNativeTarget section */
		DC17D2F1282EBB2E0007ED2E /* ScreenshotWatcher */ = {
			isa = PBXNativeTarget;
			buildConfigurationList = DC17D316282EBB2F0007ED2E /* Build configuration list for PBXNativeTarget "ScreenshotWatcher" */;
			buildPhases = (
				DC17D2EE282EBB2E0007ED2E /* Sources */,
				DC17D2EF282EBB2E0007ED2E /* Frameworks */,
				DC17D2F0282EBB2E0007ED2E /* Resources */,
			);
			buildRules = (
			);
			dependencies = (
			);
			name = ScreenshotWatcher;
			productName = ScreenshotWatcher;
			productReference = DC17D2F2282EBB2E0007ED2E /* ScreenshotWatcher.app */;
			productType = "com.apple.product-type.application";
		};
		DC17D301282EBB2F0007ED2E /* ScreenshotWatcherTests */ = {
			isa = PBXNativeTarget;
			buildConfigurationList = DC17D319282EBB2F0007ED2E /* Build configuration list for PBXNativeTarget "ScreenshotWatcherTests" */;
			buildPhases = (
				DC17D2FE282EBB2F0007ED2E /* Sources */,
				DC17D2FF282EBB2F0007ED2E /* Frameworks */,
				DC17D300282EBB2F0007ED2E /* Resources */,
			);
			buildRules = (
			);
			dependencies = (
				DC17D304282EBB2F0007ED2E /* PBXTargetDependency */,
			);
			name = ScreenshotWatcherTests;
			productName = ScreenshotWatcherTests;
			productReference = DC17D302282EBB2F0007ED2E /* ScreenshotWatcherTests.xctest */;
			productType = "com.apple.product-type.bundle.unit-test";
		};
/* End PBXNativeTarget section */

/* Begin PBXProject section */
		DC17D2EA282EBB2E0007ED2E /* Project object */ = {
			isa = PBXProject;
			attributes = {
				BuildIndependentTargetsInParallel = 1;
				LastSwiftUpdateCheck = 1340;
				LastUpgradeCheck = 1340;
				TargetAttributes = {
					DC17D2F1282EBB2E0007ED2E = {
						CreatedOnToolsVersion = 13.4;
					};
					DC17D301282EBB2F0007ED2E = {
						CreatedOnToolsVersion = 13.4;
						TestTargetID = DC17D2F1282EBB2E0007ED2E;
					};
				};
			};
			buildConfigurationList = DC17D2ED282EBB2E0007ED2E /* Build configuration list for PBXProject "ScreenshotWatcher" */;
			compatibilityVersion = "Xcode 13.0";
			developmentRegion = en;
			hasScannedForEncodings = 0;
			knownRegions = (
				en,
				Base,
			);
			mainGroup = DC17D2E9282EBB2E0007ED2E;
			productRefGroup = DC17D2F3282EBB2E0007ED2E /* Products */;
			projectDirPath = "";
			projectRoot = "";
			targets = (
				DC17D2F1282EBB2E0007ED2E /* ScreenshotWatcher */,
				DC17D301282EBB2F0007ED2E /* ScreenshotWatcherTests */,
			);
		};
/* End PBXProject section */

/* Begin PBXResourcesBuildPhase section */
		DC17D2F0282EBB2E0007ED2E /* Resources */ = {
			isa = PBXResourcesBuildPhase;
			buildActionMask = 2147483647;
			files = (
				DC17D2FD282EBB2F0007ED2E /* Preview Assets.xcassets in Resources */,
				DC17D2FA282EBB2F0007ED2E /* Assets.xcassets in Resources */,
			);
			runOnlyForDeploymentPostprocessing = 0;
		};
		DC17D300282EBB2F0007ED2E /* Resources */ = {
			isa = PBXResourcesBuildPhase;
			buildActionMask = 2147483647;
			files = (
			);
			runOnlyForDeploymentPostprocessing = 0;
		};
/* End PBXResourcesBuildPhase section */

/* Begin PBXSourcesBuildPhase section */
		DC17D2EE282EBB2E0007ED2E /* Sources */ = {
			isa = PBXSourcesBuildPhase;
			buildActionMask = 2147483647;
			files = (
				DC17D2F8282EBB2E0007ED2E /* ContentView.swift in Sources */,
				DC17D2F6282EBB2E0007ED2E /* ScreenshotWatcherApp.swift in Sources */,
			);
			runOnlyForDeploymentPostprocessing = 0;
		};
		DC17D2FE282EBB2F0007ED2E /* Sources */ = {
			isa = PBXSourcesBuildPhase;
			buildActionMask = 2147483647;
			files = (
				DC17D307282EBB2F0007ED2E /* ScreenshotWatcherTests.swift in Sources */,
			);
			runOnlyForDeploymentPostprocessing = 0;
		};
/* End PBXSourcesBuildPhase section */

/* Begin PBXTargetDependency section */
		DC17D304282EBB2F0007ED2E /* PBXTargetDependency */ = {
			isa = PBXTargetDependency;
			target = DC17D2F1282EBB2E0007ED2E /* ScreenshotWatcher */;
			targetProxy = DC17D303282EBB2F0007ED2E /* PBXContainerItemProxy */;
		};
/* End PBXTargetDependency section */

/* Begin XCBuildConfiguration section */
		DC17D314282EBB2F0007ED2E /* Debug */ = {
			isa = XCBuildConfiguration;
			buildSettings = {
				ALWAYS_SEARCH_USER_PATHS = NO;
				CLANG_ANALYZER_NONNULL = YES;
				CLANG_ANALYZER_NUMBER_OBJECT_CONVERSION = YES_AGGRESSIVE;
				CLANG_CXX_LANGUAGE_STANDARD = "gnu++17";
				CLANG_ENABLE_MODULES = YES;
				CLANG_ENABLE_OBJC_ARC = YES;
				CLANG_ENABLE_OBJC_WEAK = YES;
				CLANG_WARN_BLOCK_CAPTURE_AUTORELEASING = YES;
				CLANG_WARN_BOOL_CONVERSION = YES;
				CLANG_WARN_COMMA = YES;
				CLANG_WARN_CONSTANT_CONVERSION = YES;
				CLANG_WARN_DEPRECATED_OBJC_IMPLEMENTATIONS = YES;
				CLANG_WARN_DIRECT_OBJC_ISA_USAGE = YES_ERROR;
				CLANG_WARN_DOCUMENTATION_COMMENTS = YES;
				CLANG_WARN_EMPTY_BODY = YES;
				CLANG_WARN_ENUM_CONVERSION = YES;
				CLANG_WARN_INFINITE_RECURSION = YES;
				CLANG_WARN_INT_CONVERSION = YES;
				CLANG_WARN_NON_LITERAL_NULL_CONVERSION = YES;
				CLANG_WARN_OBJC_IMPLICIT_RETAIN_SELF = YES;
				CLANG_WARN_OBJC_LITERAL_CONVERSION = YES;
				CLANG_WARN_OBJC_ROOT_CLASS = YES_ERROR;
				CLANG_WARN_QUOTED_INCLUDE_IN_FRAMEWORK_HEADER = YES;
				CLANG_WARN_RANGE_LOOP_ANALYSIS = YES;
				CLANG_WARN_STRICT_PROTOTYPES = YES;
				CLANG_WARN_SUSPICIOUS_MOVE = YES;
				CLANG_WARN_UNGUARDED_AVAILABILITY = YES_AGGRESSIVE;
				CLANG_WARN_UNREACHABLE_CODE = YES;
				CLANG_WARN__DUPLICATE_METHOD_MATCH = YES;
				COPY_PHASE_STRIP = NO;
				DEBUG_INFORMATION_FORMAT = dwarf;
				ENABLE_STRICT_OBJC_MSGSEND = YES;
				ENABLE_TESTABILITY = YES;
				GCC_C_LANGUAGE_STANDARD = gnu11;
				GCC_DYNAMIC_NO_PIC = NO;
				GCC_NO_COMMON_BLOCKS = YES;
				GCC_OPTIMIZATION_LEVEL = 0;
				GCC_PREPROCESSOR_DEFINITIONS = (
					"DEBUG=1",
					"$(inherited)",
				);
				GCC_WARN_64_TO_32_BIT_CONVERSION = YES;
				GCC_WARN_ABOUT_RETURN_TYPE = YES_ERROR;
				GCC_WARN_UNDECLARED_SELECTOR = YES;
				GCC_WARN_UNINITIALIZED_AUTOS = YES_AGGRESSIVE;
				GCC_WARN_UNUSED_FUNCTION = YES;
				GCC_WARN_UNUSED_VARIABLE = YES;
				IPHONEOS_DEPLOYMENT_TARGET = 15.5;
				MTL_ENABLE_DEBUG_INFO = INCLUDE_SOURCE;
				MTL_FAST_MATH = YES;
				ONLY_ACTIVE_ARCH = YES;
				SDKROOT = iphoneos;
				SWIFT_ACTIVE_COMPILATION_CONDITIONS = DEBUG;
				SWIFT_OPTIMIZATION_LEVEL = "-Onone";
			};
			name = Debug;
		};
		DC17D315282EBB2F0007ED2E /* Release */ = {
			isa = XCBuildConfiguration;
			buildSettings = {
				ALWAYS_SEARCH_USER_PATHS = NO;
				CLANG_ANALYZER_NONNULL = YES;
				CLANG_ANALYZER_NUMBER_OBJECT_CONVERSION = YES_AGGRESSIVE;
				CLANG_CXX_LANGUAGE_STANDARD = "gnu++17";
				CLANG_ENABLE_MODULES = YES;
				CLANG_ENABLE_OBJC_ARC = YES;
				CLANG_ENABLE_OBJC_WEAK = YES;
				CLANG_WARN_BLOCK_CAPTURE_AUTORELEASING = YES;
				CLANG_WARN_BOOL_CONVERSION = YES;
				CLANG_WARN_COMMA = YES;
				CLANG_WARN_CONSTANT_CONVERSION = YES;
				CLANG_WARN_DEPRECATED_OBJC_IMPLEMENTATIONS = YES;
				CLANG_WARN_DIRECT_OBJC_ISA_USAGE = YES_ERROR;
				CLANG_WARN_DOCUMENTATION_COMMENTS = YES;
				CLANG_WARN_EMPTY_BODY = YES;
				CLANG_WARN_ENUM_CONVERSION = YES;
				CLANG_WARN_INFINITE_RECURSION = YES;
				CLANG_WARN_INT_CONVERSION = YES;
				CLANG_WARN_NON_LITERAL_NULL_CONVERSION = YES;
				CLANG_WARN_OBJC_IMPLICIT_RETAIN_SELF = YES;
				CLANG_WARN_OBJC_LITERAL_CONVERSION = YES;
				CLANG_WARN_OBJC_ROOT_CLASS = YES_ERROR;
				CLANG_WARN_QUOTED_INCLUDE_IN_FRAMEWORK_HEADER = YES;
				CLANG_WARN_RANGE_LOOP_ANALYSIS = YES;
				CLANG_WARN_STRICT_PROTOTYPES = YES;
				CLANG_WARN_SUSPICIOUS_MOVE = YES;
				CLANG_WARN_UNGUARDED_AVAILABILITY = YES_AGGRESSIVE;
				CLANG_WARN_UNREACHABLE_CODE = YES;
				CLANG_WARN__DUPLICATE_METHOD_MATCH = YES;
				COPY_PHASE_STRIP = NO;
				DEBUG_INFORMATION_FORMAT = "dwarf-with-dsym";
				ENABLE_NS_ASSERTIONS = NO;
				ENABLE_STRICT_OBJC_MSGSEND = YES;
				GCC_C_LANGUAGE_STANDARD = gnu11;
				GCC_NO_COMMON_BLOCKS = YES;
				GCC_WARN_64_TO_32_BIT_CONVERSION = YES;
				GCC_WARN_ABOUT_RETURN_TYPE = YES_ERROR;
				GCC_WARN_UNDECLARED_SELECTOR = YES;
				GCC_WARN_UNINITIALIZED_AUTOS = YES_AGGRESSIVE;
				GCC_WARN_UNUSED_FUNCTION = YES;
				GCC_WARN_UNUSED_VARIABLE = YES;
				IPHONEOS_DEPLOYMENT_TARGET = 15.5;
				MTL_ENABLE_DEBUG_INFO = NO;
				MTL_FAST_MATH = YES;
				SDKROOT = iphoneos;
				SWIFT_COMPILATION_MODE = wholemodule;
				SWIFT_OPTIMIZATION_LEVEL = "-O";
				VALIDATE_PRODUCT = YES;
			};
			name = Release;
		};
		DC17D317282EBB2F0007ED2E /* Debug */ = {
			isa = XCBuildConfiguration;
			buildSettings = {
				ASSETCATALOG_COMPILER_APPICON_NAME = AppIcon;
				ASSETCATALOG_COMPILER_GLOBAL_ACCENT_COLOR_NAME = AccentColor;
				CODE_SIGN_STYLE = Automatic;
				CURRENT_PROJECT_VERSION = 1;
				DEVELOPMENT_ASSET_PATHS = "\"ScreenshotWatcher/Preview Content\"";
				DEVELOPMENT_TEAM = VFRXY8HC3H;
				ENABLE_PREVIEWS = YES;
				GENERATE_INFOPLIST_FILE = YES;
				INFOPLIST_KEY_UIApplicationSceneManifest_Generation = YES;
				INFOPLIST_KEY_UIApplicationSupportsIndirectInputEvents = YES;
				INFOPLIST_KEY_UILaunchScreen_Generation = YES;
				INFOPLIST_KEY_UISupportedInterfaceOrientations_iPad = "UIInterfaceOrientationPortrait UIInterfaceOrientationPortraitUpsideDown UIInterfaceOrientationLandscapeLeft UIInterfaceOrientationLandscapeRight";
				INFOPLIST_KEY_UISupportedInterfaceOrientations_iPhone = "UIInterfaceOrientationPortrait UIInterfaceOrientationLandscapeLeft UIInterfaceOrientationLandscapeRight";
				LD_RUNPATH_SEARCH_PATHS = (
					"$(inherited)",
					"@executable_path/Frameworks",
				);
				MARKETING_VERSION = 1.0;
				PRODUCT_BUNDLE_IDENTIFIER = co.pointfree.ScreenshotWatcher;
				PRODUCT_NAME = "$(TARGET_NAME)";
				SWIFT_EMIT_LOC_STRINGS = YES;
				SWIFT_VERSION = 5.0;
				TARGETED_DEVICE_FAMILY = "1,2";
			};
			name = Debug;
		};
		DC17D318282EBB2F0007ED2E /* Release */ = {
			isa = XCBuildConfiguration;
			buildSettings = {
				ASSETCATALOG_COMPILER_APPICON_NAME = AppIcon;
				ASSETCATALOG_COMPILER_GLOBAL_ACCENT_COLOR_NAME = AccentColor;
				CODE_SIGN_STYLE = Automatic;
				CURRENT_PROJECT_VERSION = 1;
				DEVELOPMENT_ASSET_PATHS = "\"ScreenshotWatcher/Preview Content\"";
				DEVELOPMENT_TEAM = VFRXY8HC3H;
				ENABLE_PREVIEWS = YES;
				GENERATE_INFOPLIST_FILE = YES;
				INFOPLIST_KEY_UIApplicationSceneManifest_Generation = YES;
				INFOPLIST_KEY_UIApplicationSupportsIndirectInputEvents = YES;
				INFOPLIST_KEY_UILaunchScreen_Generation = YES;
				INFOPLIST_KEY_UISupportedInterfaceOrientations_iPad = "UIInterfaceOrientationPortrait UIInterfaceOrientationPortraitUpsideDown UIInterfaceOrientationLandscapeLeft UIInterfaceOrientationLandscapeRight";
				INFOPLIST_KEY_UISupportedInterfaceOrientations_iPhone = "UIInterfaceOrientationPortrait UIInterfaceOrientationLandscapeLeft UIInterfaceOrientationLandscapeRight";
				LD_RUNPATH_SEARCH_PATHS = (
					"$(inherited)",
					"@executable_path/Frameworks",
				);
				MARKETING_VERSION = 1.0;
				PRODUCT_BUNDLE_IDENTIFIER = co.pointfree.ScreenshotWatcher;
				PRODUCT_NAME = "$(TARGET_NAME)";
				SWIFT_EMIT_LOC_STRINGS = YES;
				SWIFT_VERSION = 5.0;
				TARGETED_DEVICE_FAMILY = "1,2";
			};
			name = Release;
		};
		DC17D31A282EBB2F0007ED2E /* Debug */ = {
			isa = XCBuildConfiguration;
			buildSettings = {
				ALWAYS_EMBED_SWIFT_STANDARD_LIBRARIES = YES;
				BUNDLE_LOADER = "$(TEST_HOST)";
				CODE_SIGN_STYLE = Automatic;
				CURRENT_PROJECT_VERSION = 1;
				DEVELOPMENT_TEAM = VFRXY8HC3H;
				GENERATE_INFOPLIST_FILE = YES;
				IPHONEOS_DEPLOYMENT_TARGET = 15.5;
				MARKETING_VERSION = 1.0;
				PRODUCT_BUNDLE_IDENTIFIER = co.pointfree.ScreenshotWatcherTests;
				PRODUCT_NAME = "$(TARGET_NAME)";
				SWIFT_EMIT_LOC_STRINGS = NO;
				SWIFT_VERSION = 5.0;
				TARGETED_DEVICE_FAMILY = "1,2";
				TEST_HOST = "$(BUILT_PRODUCTS_DIR)/ScreenshotWatcher.app/ScreenshotWatcher";
			};
			name = Debug;
		};
		DC17D31B282EBB2F0007ED2E /* Release */ = {
			isa = XCBuildConfiguration;
			buildSettings = {
				ALWAYS_EMBED_SWIFT_STANDARD_LIBRARIES = YES;
				BUNDLE_LOADER = "$(TEST_HOST)";
				CODE_SIGN_STYLE = Automatic;
				CURRENT_PROJECT_VERSION = 1;
				DEVELOPMENT_TEAM = VFRXY8HC3H;
				GENERATE_INFOPLIST_FILE = YES;
				IPHONEOS_DEPLOYMENT_TARGET = 15.5;
				MARKETING_VERSION = 1.0;
				PRODUCT_BUNDLE_IDENTIFIER = co.pointfree.ScreenshotWatcherTests;
				PRODUCT_NAME = "$(TARGET_NAME)";
				SWIFT_EMIT_LOC_STRINGS = NO;
				SWIFT_VERSION = 5.0;
				TARGETED_DEVICE_FAMILY = "1,2";
				TEST_HOST = "$(BUILT_PRODUCTS_DIR)/ScreenshotWatcher.app/ScreenshotWatcher";
			};
			name = Release;
		};
/* End XCBuildConfiguration section */

/* Begin XCConfigurationList section */
		DC17D2ED282EBB2E0007ED2E /* Build configuration list for PBXProject "ScreenshotWatcher" */ = {
			isa = XCConfigurationList;
			buildConfigurations = (
				DC17D314282EBB2F0007ED2E /* Debug */,
				DC17D315282EBB2F0007ED2E /* Release */,
			);
			defaultConfigurationIsVisible = 0;
			defaultConfigurationName = Release;
		};
		DC17D316282EBB2F0007ED2E /* Build configuration list for PBXNativeTarget "ScreenshotWatcher" */ = {
			isa = XCConfigurationList;
			buildConfigurations = (
				DC17D317282EBB2F0007ED2E /* Debug */,
				DC17D318282EBB2F0007ED2E /* Release */,
			);
			defaultConfigurationIsVisible = 0;
			defaultConfigurationName = Release;
		};
		DC17D319282EBB2F0007ED2E /* Build configuration list for PBXNativeTarget "ScreenshotWatcherTests" */ = {
			isa = XCConfigurationList;
			buildConfigurations = (
				DC17D31A282EBB2F0007ED2E /* Debug */,
				DC17D31B282EBB2F0007ED2E /* Release */,
			);
			defaultConfigurationIsVisible = 0;
			defaultConfigurationName = Release;
		};
/* End XCConfigurationList section */
	};
	rootObject = DC17D2EA282EBB2E0007ED2E /* Project object */;
}
